// !$*UTF8*$!
{
	archiveVersion = 1;
	classes = {
	};
	objectVersion = 56;
	objects = {

/* Begin PBXBuildFile section */
		9201555429C1EEB100F78763 /* UIImage+Ex.swift in Sources */ = {isa = PBXBuildFile; fileRef = 9201555329C1EEB100F78763 /* UIImage+Ex.swift */; };
		9201555629C2030300F78763 /* EventDetailCoordinator.swift in Sources */ = {isa = PBXBuildFile; fileRef = 9201555529C2030300F78763 /* EventDetailCoordinator.swift */; };
		9201555829C2077C00F78763 /* EventDetailViewController.swift in Sources */ = {isa = PBXBuildFile; fileRef = 9201555729C2077C00F78763 /* EventDetailViewController.swift */; };
		9201555A29C207EC00F78763 /* EventDetailViewModel.swift in Sources */ = {isa = PBXBuildFile; fileRef = 9201555929C207EC00F78763 /* EventDetailViewModel.swift */; };
		9201555C29C2273E00F78763 /* TimeRemainingStackView.swift in Sources */ = {isa = PBXBuildFile; fileRef = 9201555B29C2273E00F78763 /* TimeRemainingStackView.swift */; };
		9201555E29C2284300F78763 /* TimeRemainingViewModel.swift in Sources */ = {isa = PBXBuildFile; fileRef = 9201555D29C2284300F78763 /* TimeRemainingViewModel.swift */; };
		9201556029C2643500F78763 /* EditEventCoordinator.swift in Sources */ = {isa = PBXBuildFile; fileRef = 9201555F29C2643500F78763 /* EditEventCoordinator.swift */; };
		9201556229C266CC00F78763 /* EditEventViewController.swift in Sources */ = {isa = PBXBuildFile; fileRef = 9201556129C266CC00F78763 /* EditEventViewController.swift */; };
		9201556429C267FA00F78763 /* EditEventViewModel.swift in Sources */ = {isa = PBXBuildFile; fileRef = 9201556329C267FA00F78763 /* EditEventViewModel.swift */; };
		9201556729C36C3D00F78763 /* EventService.swift in Sources */ = {isa = PBXBuildFile; fileRef = 9201556629C36C3D00F78763 /* EventService.swift */; };
		9208046129AAC17300FF8864 /* TitleSubtitleCellViewModel.swift in Sources */ = {isa = PBXBuildFile; fileRef = 9208046029AAC17300FF8864 /* TitleSubtitleCellViewModel.swift */; };
		9208046429AAC20F00FF8864 /* TitleSubtitleCell.swift in Sources */ = {isa = PBXBuildFile; fileRef = 9208046329AAC20F00FF8864 /* TitleSubtitleCell.swift */; };
		922A600029C0F864007DDCE8 /* Date+Ex.swift in Sources */ = {isa = PBXBuildFile; fileRef = 922A5FFF29C0F864007DDCE8 /* Date+Ex.swift */; };
		923C60B029A6994F009DFF47 /* EventsApp.xcdatamodeld in Sources */ = {isa = PBXBuildFile; fileRef = 923C60AE29A6994F009DFF47 /* EventsApp.xcdatamodeld */; };
		923C60B229A69AD8009DFF47 /* CoreDataManager.swift in Sources */ = {isa = PBXBuildFile; fileRef = 923C60B129A69AD8009DFF47 /* CoreDataManager.swift */; };
		92987E2A29A671310099AD11 /* AppDelegate.swift in Sources */ = {isa = PBXBuildFile; fileRef = 92987E2929A671310099AD11 /* AppDelegate.swift */; };
		92987E2C29A671310099AD11 /* SceneDelegate.swift in Sources */ = {isa = PBXBuildFile; fileRef = 92987E2B29A671310099AD11 /* SceneDelegate.swift */; };
		92987E3129A671310099AD11 /* Main.storyboard in Resources */ = {isa = PBXBuildFile; fileRef = 92987E2F29A671310099AD11 /* Main.storyboard */; };
		92987E3329A671330099AD11 /* Assets.xcassets in Resources */ = {isa = PBXBuildFile; fileRef = 92987E3229A671330099AD11 /* Assets.xcassets */; };
		92987E3629A671330099AD11 /* LaunchScreen.storyboard in Resources */ = {isa = PBXBuildFile; fileRef = 92987E3429A671330099AD11 /* LaunchScreen.storyboard */; };
		92987E3F29A680260099AD11 /* AppCoordinator.swift in Sources */ = {isa = PBXBuildFile; fileRef = 92987E3E29A680260099AD11 /* AppCoordinator.swift */; };
		92987E4129A682880099AD11 /* EventListCoordinator.swift in Sources */ = {isa = PBXBuildFile; fileRef = 92987E4029A682880099AD11 /* EventListCoordinator.swift */; };
		92987E4429A683EB0099AD11 /* EventListViewController.swift in Sources */ = {isa = PBXBuildFile; fileRef = 92987E4329A683EB0099AD11 /* EventListViewController.swift */; };
		92987E4729A6896C0099AD11 /* UIViewController+Ex.swift in Sources */ = {isa = PBXBuildFile; fileRef = 92987E4629A6896C0099AD11 /* UIViewController+Ex.swift */; };
		92987E4929A68CF80099AD11 /* UIColor+Ex.swift in Sources */ = {isa = PBXBuildFile; fileRef = 92987E4829A68CF80099AD11 /* UIColor+Ex.swift */; };
		92E987D229B4BC3500048367 /* ImagePickerCoordinator.swift in Sources */ = {isa = PBXBuildFile; fileRef = 92E987D129B4BC3500048367 /* ImagePickerCoordinator.swift */; };
		92E987D529B4D23600048367 /* EventsCellBuilder.swift in Sources */ = {isa = PBXBuildFile; fileRef = 92E987D429B4D23600048367 /* EventsCellBuilder.swift */; };
		92E987D729B5081400048367 /* EventCellViewModel.swift in Sources */ = {isa = PBXBuildFile; fileRef = 92E987D629B5081400048367 /* EventCellViewModel.swift */; };
		92E987D929B50A3E00048367 /* EventCell.swift in Sources */ = {isa = PBXBuildFile; fileRef = 92E987D829B50A3E00048367 /* EventCell.swift */; };
		92E987DB29B512C900048367 /* UIView+Ex.swift in Sources */ = {isa = PBXBuildFile; fileRef = 92E987DA29B512C900048367 /* UIView+Ex.swift */; };
		92EC3FE429AA126300E0E647 /* EventListViewModel.swift in Sources */ = {isa = PBXBuildFile; fileRef = 92EC3FE329AA126300E0E647 /* EventListViewModel.swift */; };
		92EC3FE629AA160300E0E647 /* AddEventCoordinator.swift in Sources */ = {isa = PBXBuildFile; fileRef = 92EC3FE529AA160300E0E647 /* AddEventCoordinator.swift */; };
		92EC3FE829AA1CDC00E0E647 /* AddEventViewController.swift in Sources */ = {isa = PBXBuildFile; fileRef = 92EC3FE729AA1CDB00E0E647 /* AddEventViewController.swift */; };
		92EC3FEA29AA1FD000E0E647 /* AddEventViewModel.swift in Sources */ = {isa = PBXBuildFile; fileRef = 92EC3FE929AA1FD000E0E647 /* AddEventViewModel.swift */; };
/* End PBXBuildFile section */

/* Begin PBXFileReference section */
		9201555329C1EEB100F78763 /* UIImage+Ex.swift */ = {isa = PBXFileReference; lastKnownFileType = sourcecode.swift; path = "UIImage+Ex.swift"; sourceTree = "<group>"; };
		9201555529C2030300F78763 /* EventDetailCoordinator.swift */ = {isa = PBXFileReference; lastKnownFileType = sourcecode.swift; path = EventDetailCoordinator.swift; sourceTree = "<group>"; };
		9201555729C2077C00F78763 /* EventDetailViewController.swift */ = {isa = PBXFileReference; lastKnownFileType = sourcecode.swift; path = EventDetailViewController.swift; sourceTree = "<group>"; };
		9201555929C207EC00F78763 /* EventDetailViewModel.swift */ = {isa = PBXFileReference; lastKnownFileType = sourcecode.swift; path = EventDetailViewModel.swift; sourceTree = "<group>"; };
		9201555B29C2273E00F78763 /* TimeRemainingStackView.swift */ = {isa = PBXFileReference; lastKnownFileType = sourcecode.swift; path = TimeRemainingStackView.swift; sourceTree = "<group>"; };
		9201555D29C2284300F78763 /* TimeRemainingViewModel.swift */ = {isa = PBXFileReference; lastKnownFileType = sourcecode.swift; path = TimeRemainingViewModel.swift; sourceTree = "<group>"; };
		9201555F29C2643500F78763 /* EditEventCoordinator.swift */ = {isa = PBXFileReference; lastKnownFileType = sourcecode.swift; path = EditEventCoordinator.swift; sourceTree = "<group>"; };
		9201556129C266CC00F78763 /* EditEventViewController.swift */ = {isa = PBXFileReference; lastKnownFileType = sourcecode.swift; path = EditEventViewController.swift; sourceTree = "<group>"; };
		9201556329C267FA00F78763 /* EditEventViewModel.swift */ = {isa = PBXFileReference; lastKnownFileType = sourcecode.swift; path = EditEventViewModel.swift; sourceTree = "<group>"; };
		9201556629C36C3D00F78763 /* EventService.swift */ = {isa = PBXFileReference; lastKnownFileType = sourcecode.swift; path = EventService.swift; sourceTree = "<group>"; };
		9208046029AAC17300FF8864 /* TitleSubtitleCellViewModel.swift */ = {isa = PBXFileReference; lastKnownFileType = sourcecode.swift; path = TitleSubtitleCellViewModel.swift; sourceTree = "<group>"; };
		9208046329AAC20F00FF8864 /* TitleSubtitleCell.swift */ = {isa = PBXFileReference; lastKnownFileType = sourcecode.swift; path = TitleSubtitleCell.swift; sourceTree = "<group>"; };
		922A5FFF29C0F864007DDCE8 /* Date+Ex.swift */ = {isa = PBXFileReference; lastKnownFileType = sourcecode.swift; path = "Date+Ex.swift"; sourceTree = "<group>"; };
		923C60AF29A6994F009DFF47 /* EventsApp.xcdatamodel */ = {isa = PBXFileReference; lastKnownFileType = wrapper.xcdatamodel; path = EventsApp.xcdatamodel; sourceTree = "<group>"; };
		923C60B129A69AD8009DFF47 /* CoreDataManager.swift */ = {isa = PBXFileReference; lastKnownFileType = sourcecode.swift; path = CoreDataManager.swift; sourceTree = "<group>"; };
		92987E2629A671310099AD11 /* EventsApp.app */ = {isa = PBXFileReference; explicitFileType = wrapper.application; includeInIndex = 0; path = EventsApp.app; sourceTree = BUILT_PRODUCTS_DIR; };
		92987E2929A671310099AD11 /* AppDelegate.swift */ = {isa = PBXFileReference; lastKnownFileType = sourcecode.swift; path = AppDelegate.swift; sourceTree = "<group>"; };
		92987E2B29A671310099AD11 /* SceneDelegate.swift */ = {isa = PBXFileReference; lastKnownFileType = sourcecode.swift; path = SceneDelegate.swift; sourceTree = "<group>"; };
		92987E3029A671310099AD11 /* Base */ = {isa = PBXFileReference; lastKnownFileType = file.storyboard; name = Base; path = Base.lproj/Main.storyboard; sourceTree = "<group>"; };
		92987E3229A671330099AD11 /* Assets.xcassets */ = {isa = PBXFileReference; lastKnownFileType = folder.assetcatalog; path = Assets.xcassets; sourceTree = "<group>"; };
		92987E3529A671330099AD11 /* Base */ = {isa = PBXFileReference; lastKnownFileType = file.storyboard; name = Base; path = Base.lproj/LaunchScreen.storyboard; sourceTree = "<group>"; };
		92987E3729A671330099AD11 /* Info.plist */ = {isa = PBXFileReference; lastKnownFileType = text.plist.xml; path = Info.plist; sourceTree = "<group>"; };
		92987E3E29A680260099AD11 /* AppCoordinator.swift */ = {isa = PBXFileReference; lastKnownFileType = sourcecode.swift; path = AppCoordinator.swift; sourceTree = "<group>"; };
		92987E4029A682880099AD11 /* EventListCoordinator.swift */ = {isa = PBXFileReference; lastKnownFileType = sourcecode.swift; path = EventListCoordinator.swift; sourceTree = "<group>"; };
		92987E4329A683EB0099AD11 /* EventListViewController.swift */ = {isa = PBXFileReference; lastKnownFileType = sourcecode.swift; path = EventListViewController.swift; sourceTree = "<group>"; };
		92987E4629A6896C0099AD11 /* UIViewController+Ex.swift */ = {isa = PBXFileReference; lastKnownFileType = sourcecode.swift; path = "UIViewController+Ex.swift"; sourceTree = "<group>"; };
		92987E4829A68CF80099AD11 /* UIColor+Ex.swift */ = {isa = PBXFileReference; lastKnownFileType = sourcecode.swift; path = "UIColor+Ex.swift"; sourceTree = "<group>"; };
		92E987D129B4BC3500048367 /* ImagePickerCoordinator.swift */ = {isa = PBXFileReference; lastKnownFileType = sourcecode.swift; path = ImagePickerCoordinator.swift; sourceTree = "<group>"; };
		92E987D429B4D23600048367 /* EventsCellBuilder.swift */ = {isa = PBXFileReference; lastKnownFileType = sourcecode.swift; path = EventsCellBuilder.swift; sourceTree = "<group>"; };
		92E987D629B5081400048367 /* EventCellViewModel.swift */ = {isa = PBXFileReference; lastKnownFileType = sourcecode.swift; path = EventCellViewModel.swift; sourceTree = "<group>"; };
		92E987D829B50A3E00048367 /* EventCell.swift */ = {isa = PBXFileReference; lastKnownFileType = sourcecode.swift; path = EventCell.swift; sourceTree = "<group>"; };
		92E987DA29B512C900048367 /* UIView+Ex.swift */ = {isa = PBXFileReference; lastKnownFileType = sourcecode.swift; path = "UIView+Ex.swift"; sourceTree = "<group>"; };
		92EC3FE329AA126300E0E647 /* EventListViewModel.swift */ = {isa = PBXFileReference; lastKnownFileType = sourcecode.swift; path = EventListViewModel.swift; sourceTree = "<group>"; };
		92EC3FE529AA160300E0E647 /* AddEventCoordinator.swift */ = {isa = PBXFileReference; lastKnownFileType = sourcecode.swift; path = AddEventCoordinator.swift; sourceTree = "<group>"; };
		92EC3FE729AA1CDB00E0E647 /* AddEventViewController.swift */ = {isa = PBXFileReference; lastKnownFileType = sourcecode.swift; path = AddEventViewController.swift; sourceTree = "<group>"; };
		92EC3FE929AA1FD000E0E647 /* AddEventViewModel.swift */ = {isa = PBXFileReference; lastKnownFileType = sourcecode.swift; path = AddEventViewModel.swift; sourceTree = "<group>"; };
/* End PBXFileReference section */

/* Begin PBXFrameworksBuildPhase section */
		92987E2329A671310099AD11 /* Frameworks */ = {
			isa = PBXFrameworksBuildPhase;
			buildActionMask = 2147483647;
			files = (
			);
			runOnlyForDeploymentPostprocessing = 0;
		};
/* End PBXFrameworksBuildPhase section */

/* Begin PBXGroup section */
		9201556529C36C1F00F78763 /* Services */ = {
			isa = PBXGroup;
			children = (
				9201556629C36C3D00F78763 /* EventService.swift */,
			);
			path = Services;
			sourceTree = "<group>";
		};
		9208046229AAC1AB00FF8864 /* Views */ = {
			isa = PBXGroup;
			children = (
				9208046329AAC20F00FF8864 /* TitleSubtitleCell.swift */,
				92E987D829B50A3E00048367 /* EventCell.swift */,
				9201555B29C2273E00F78763 /* TimeRemainingStackView.swift */,
			);
			path = Views;
			sourceTree = "<group>";
		};
		92987E1D29A671310099AD11 = {
			isa = PBXGroup;
			children = (
				92987E2829A671310099AD11 /* EventsApp */,
				92987E2729A671310099AD11 /* Products */,
			);
			sourceTree = "<group>";
		};
		92987E2729A671310099AD11 /* Products */ = {
			isa = PBXGroup;
			children = (
				92987E2629A671310099AD11 /* EventsApp.app */,
			);
			name = Products;
			sourceTree = "<group>";
		};
		92987E2829A671310099AD11 /* EventsApp */ = {
			isa = PBXGroup;
			children = (
				92EC3FE229AA11F600E0E647 /* Delegates */,
				92987E4529A689550099AD11 /* Extensions */,
				92E987D329B4D22600048367 /* Factory */,
				92EC3FE129AA118C00E0E647 /* Database */,
				9201556529C36C1F00F78763 /* Services */,
				92987E3D29A680120099AD11 /* Coordinators */,
				92EC3FE029AA117A00E0E647 /* ViewModels */,
				9208046229AAC1AB00FF8864 /* Views */,
				92987E4229A683C70099AD11 /* Controllers */,
				92987E3429A671330099AD11 /* LaunchScreen.storyboard */,
				92987E2F29A671310099AD11 /* Main.storyboard */,
				92987E3229A671330099AD11 /* Assets.xcassets */,
				92987E3729A671330099AD11 /* Info.plist */,
			);
			path = EventsApp;
			sourceTree = "<group>";
		};
		92987E3D29A680120099AD11 /* Coordinators */ = {
			isa = PBXGroup;
			children = (
				92987E3E29A680260099AD11 /* AppCoordinator.swift */,
				92987E4029A682880099AD11 /* EventListCoordinator.swift */,
				92EC3FE529AA160300E0E647 /* AddEventCoordinator.swift */,
				92E987D129B4BC3500048367 /* ImagePickerCoordinator.swift */,
				9201555529C2030300F78763 /* EventDetailCoordinator.swift */,
				9201555F29C2643500F78763 /* EditEventCoordinator.swift */,
			);
			path = Coordinators;
			sourceTree = "<group>";
		};
		92987E4229A683C70099AD11 /* Controllers */ = {
			isa = PBXGroup;
			children = (
				92987E4329A683EB0099AD11 /* EventListViewController.swift */,
				92EC3FE729AA1CDB00E0E647 /* AddEventViewController.swift */,
				9201555729C2077C00F78763 /* EventDetailViewController.swift */,
				9201556129C266CC00F78763 /* EditEventViewController.swift */,
			);
			path = Controllers;
			sourceTree = "<group>";
		};
		92987E4529A689550099AD11 /* Extensions */ = {
			isa = PBXGroup;
			children = (
				92987E4629A6896C0099AD11 /* UIViewController+Ex.swift */,
				92987E4829A68CF80099AD11 /* UIColor+Ex.swift */,
				92E987DA29B512C900048367 /* UIView+Ex.swift */,
				922A5FFF29C0F864007DDCE8 /* Date+Ex.swift */,
				9201555329C1EEB100F78763 /* UIImage+Ex.swift */,
			);
			path = Extensions;
			sourceTree = "<group>";
		};
		92E987D329B4D22600048367 /* Factory */ = {
			isa = PBXGroup;
			children = (
				92E987D429B4D23600048367 /* EventsCellBuilder.swift */,
			);
			path = Factory;
			sourceTree = "<group>";
		};
		92EC3FE029AA117A00E0E647 /* ViewModels */ = {
			isa = PBXGroup;
			children = (
				92EC3FE329AA126300E0E647 /* EventListViewModel.swift */,
				92EC3FE929AA1FD000E0E647 /* AddEventViewModel.swift */,
				9208046029AAC17300FF8864 /* TitleSubtitleCellViewModel.swift */,
				92E987D629B5081400048367 /* EventCellViewModel.swift */,
				9201555929C207EC00F78763 /* EventDetailViewModel.swift */,
				9201555D29C2284300F78763 /* TimeRemainingViewModel.swift */,
				9201556329C267FA00F78763 /* EditEventViewModel.swift */,
			);
			path = ViewModels;
			sourceTree = "<group>";
		};
		92EC3FE129AA118C00E0E647 /* Database */ = {
			isa = PBXGroup;
			children = (
				923C60B129A69AD8009DFF47 /* CoreDataManager.swift */,
				923C60AE29A6994F009DFF47 /* EventsApp.xcdatamodeld */,
			);
			path = Database;
			sourceTree = "<group>";
		};
		92EC3FE229AA11F600E0E647 /* Delegates */ = {
			isa = PBXGroup;
			children = (
				92987E2929A671310099AD11 /* AppDelegate.swift */,
				92987E2B29A671310099AD11 /* SceneDelegate.swift */,
			);
			path = Delegates;
			sourceTree = "<group>";
		};
/* End PBXGroup section */

/* Begin PBXNativeTarget section */
		92987E2529A671310099AD11 /* EventsApp */ = {
			isa = PBXNativeTarget;
			buildConfigurationList = 92987E3A29A671330099AD11 /* Build configuration list for PBXNativeTarget "EventsApp" */;
			buildPhases = (
				92987E2229A671310099AD11 /* Sources */,
				92987E2329A671310099AD11 /* Frameworks */,
				92987E2429A671310099AD11 /* Resources */,
			);
			buildRules = (
			);
			dependencies = (
			);
			name = EventsApp;
			productName = EventsApp;
			productReference = 92987E2629A671310099AD11 /* EventsApp.app */;
			productType = "com.apple.product-type.application";
		};
/* End PBXNativeTarget section */

/* Begin PBXProject section */
		92987E1E29A671310099AD11 /* Project object */ = {
			isa = PBXProject;
			attributes = {
				BuildIndependentTargetsInParallel = 1;
				LastSwiftUpdateCheck = 1420;
				LastUpgradeCheck = 1420;
				TargetAttributes = {
					92987E2529A671310099AD11 = {
						CreatedOnToolsVersion = 14.2;
					};
				};
			};
			buildConfigurationList = 92987E2129A671310099AD11 /* Build configuration list for PBXProject "EventsApp" */;
			compatibilityVersion = "Xcode 14.0";
			developmentRegion = en;
			hasScannedForEncodings = 0;
			knownRegions = (
				en,
				Base,
			);
			mainGroup = 92987E1D29A671310099AD11;
			productRefGroup = 92987E2729A671310099AD11 /* Products */;
			projectDirPath = "";
			projectRoot = "";
			targets = (
				92987E2529A671310099AD11 /* EventsApp */,
			);
		};
/* End PBXProject section */

/* Begin PBXResourcesBuildPhase section */
		92987E2429A671310099AD11 /* Resources */ = {
			isa = PBXResourcesBuildPhase;
			buildActionMask = 2147483647;
			files = (
				92987E3629A671330099AD11 /* LaunchScreen.storyboard in Resources */,
				92987E3329A671330099AD11 /* Assets.xcassets in Resources */,
				92987E3129A671310099AD11 /* Main.storyboard in Resources */,
			);
			runOnlyForDeploymentPostprocessing = 0;
		};
/* End PBXResourcesBuildPhase section */

/* Begin PBXSourcesBuildPhase section */
		92987E2229A671310099AD11 /* Sources */ = {
			isa = PBXSourcesBuildPhase;
			buildActionMask = 2147483647;
			files = (
				9208046129AAC17300FF8864 /* TitleSubtitleCellViewModel.swift in Sources */,
				92987E4929A68CF80099AD11 /* UIColor+Ex.swift in Sources */,
				92EC3FE829AA1CDC00E0E647 /* AddEventViewController.swift in Sources */,
				9201555629C2030300F78763 /* EventDetailCoordinator.swift in Sources */,
				92987E3F29A680260099AD11 /* AppCoordinator.swift in Sources */,
				92EC3FEA29AA1FD000E0E647 /* AddEventViewModel.swift in Sources */,
				9201555829C2077C00F78763 /* EventDetailViewController.swift in Sources */,
				9201556229C266CC00F78763 /* EditEventViewController.swift in Sources */,
				92987E4429A683EB0099AD11 /* EventListViewController.swift in Sources */,
				92987E4729A6896C0099AD11 /* UIViewController+Ex.swift in Sources */,
				9201556029C2643500F78763 /* EditEventCoordinator.swift in Sources */,
				923C60B029A6994F009DFF47 /* EventsApp.xcdatamodeld in Sources */,
				92E987D929B50A3E00048367 /* EventCell.swift in Sources */,
				92987E2A29A671310099AD11 /* AppDelegate.swift in Sources */,
				923C60B229A69AD8009DFF47 /* CoreDataManager.swift in Sources */,
				9201555C29C2273E00F78763 /* TimeRemainingStackView.swift in Sources */,
				92EC3FE429AA126300E0E647 /* EventListViewModel.swift in Sources */,
				92E987D529B4D23600048367 /* EventsCellBuilder.swift in Sources */,
				92987E2C29A671310099AD11 /* SceneDelegate.swift in Sources */,
				9201555429C1EEB100F78763 /* UIImage+Ex.swift in Sources */,
				92E987D729B5081400048367 /* EventCellViewModel.swift in Sources */,
				92E987D229B4BC3500048367 /* ImagePickerCoordinator.swift in Sources */,
				9201555E29C2284300F78763 /* TimeRemainingViewModel.swift in Sources */,
				9201556429C267FA00F78763 /* EditEventViewModel.swift in Sources */,
				9201555A29C207EC00F78763 /* EventDetailViewModel.swift in Sources */,
				9201556729C36C3D00F78763 /* EventService.swift in Sources */,
				9208046429AAC20F00FF8864 /* TitleSubtitleCell.swift in Sources */,
				92EC3FE629AA160300E0E647 /* AddEventCoordinator.swift in Sources */,
				922A600029C0F864007DDCE8 /* Date+Ex.swift in Sources */,
				92987E4129A682880099AD11 /* EventListCoordinator.swift in Sources */,
				92E987DB29B512C900048367 /* UIView+Ex.swift in Sources */,
			);
			runOnlyForDeploymentPostprocessing = 0;
		};
/* End PBXSourcesBuildPhase section */

/* Begin PBXVariantGroup section */
		92987E2F29A671310099AD11 /* Main.storyboard */ = {
			isa = PBXVariantGroup;
			children = (
				92987E3029A671310099AD11 /* Base */,
			);
			name = Main.storyboard;
			sourceTree = "<group>";
		};
		92987E3429A671330099AD11 /* LaunchScreen.storyboard */ = {
			isa = PBXVariantGroup;
			children = (
				92987E3529A671330099AD11 /* Base */,
			);
			name = LaunchScreen.storyboard;
			sourceTree = "<group>";
		};
/* End PBXVariantGroup section */

/* Begin XCBuildConfiguration section */
		92987E3829A671330099AD11 /* Debug */ = {
			isa = XCBuildConfiguration;
			buildSettings = {
				ALWAYS_SEARCH_USER_PATHS = NO;
				CLANG_ANALYZER_NONNULL = YES;
				CLANG_ANALYZER_NUMBER_OBJECT_CONVERSION = YES_AGGRESSIVE;
				CLANG_CXX_LANGUAGE_STANDARD = "gnu++20";
				CLANG_ENABLE_MODULES = YES;
				CLANG_ENABLE_OBJC_ARC = YES;
				CLANG_ENABLE_OBJC_WEAK = YES;
				CLANG_WARN_BLOCK_CAPTURE_AUTORELEASING = YES;
				CLANG_WARN_BOOL_CONVERSION = YES;
				CLANG_WARN_COMMA = YES;
				CLANG_WARN_CONSTANT_CONVERSION = YES;
				CLANG_WARN_DEPRECATED_OBJC_IMPLEMENTATIONS = YES;
				CLANG_WARN_DIRECT_OBJC_ISA_USAGE = YES_ERROR;
				CLANG_WARN_DOCUMENTATION_COMMENTS = YES;
				CLANG_WARN_EMPTY_BODY = YES;
				CLANG_WARN_ENUM_CONVERSION = YES;
				CLANG_WARN_INFINITE_RECURSION = YES;
				CLANG_WARN_INT_CONVERSION = YES;
				CLANG_WARN_NON_LITERAL_NULL_CONVERSION = YES;
				CLANG_WARN_OBJC_IMPLICIT_RETAIN_SELF = YES;
				CLANG_WARN_OBJC_LITERAL_CONVERSION = YES;
				CLANG_WARN_OBJC_ROOT_CLASS = YES_ERROR;
				CLANG_WARN_QUOTED_INCLUDE_IN_FRAMEWORK_HEADER = YES;
				CLANG_WARN_RANGE_LOOP_ANALYSIS = YES;
				CLANG_WARN_STRICT_PROTOTYPES = YES;
				CLANG_WARN_SUSPICIOUS_MOVE = YES;
				CLANG_WARN_UNGUARDED_AVAILABILITY = YES_AGGRESSIVE;
				CLANG_WARN_UNREACHABLE_CODE = YES;
				CLANG_WARN__DUPLICATE_METHOD_MATCH = YES;
				COPY_PHASE_STRIP = NO;
				DEBUG_INFORMATION_FORMAT = dwarf;
				ENABLE_STRICT_OBJC_MSGSEND = YES;
				ENABLE_TESTABILITY = YES;
				GCC_C_LANGUAGE_STANDARD = gnu11;
				GCC_DYNAMIC_NO_PIC = NO;
				GCC_NO_COMMON_BLOCKS = YES;
				GCC_OPTIMIZATION_LEVEL = 0;
				GCC_PREPROCESSOR_DEFINITIONS = (
					"DEBUG=1",
					"$(inherited)",
				);
				GCC_WARN_64_TO_32_BIT_CONVERSION = YES;
				GCC_WARN_ABOUT_RETURN_TYPE = YES_ERROR;
				GCC_WARN_UNDECLARED_SELECTOR = YES;
				GCC_WARN_UNINITIALIZED_AUTOS = YES_AGGRESSIVE;
				GCC_WARN_UNUSED_FUNCTION = YES;
				GCC_WARN_UNUSED_VARIABLE = YES;
				IPHONEOS_DEPLOYMENT_TARGET = 16.2;
				MTL_ENABLE_DEBUG_INFO = INCLUDE_SOURCE;
				MTL_FAST_MATH = YES;
				ONLY_ACTIVE_ARCH = YES;
				SDKROOT = iphoneos;
				SWIFT_ACTIVE_COMPILATION_CONDITIONS = DEBUG;
				SWIFT_OPTIMIZATION_LEVEL = "-Onone";
			};
			name = Debug;
		};
		92987E3929A671330099AD11 /* Release */ = {
			isa = XCBuildConfiguration;
			buildSettings = {
				ALWAYS_SEARCH_USER_PATHS = NO;
				CLANG_ANALYZER_NONNULL = YES;
				CLANG_ANALYZER_NUMBER_OBJECT_CONVERSION = YES_AGGRESSIVE;
				CLANG_CXX_LANGUAGE_STANDARD = "gnu++20";
				CLANG_ENABLE_MODULES = YES;
				CLANG_ENABLE_OBJC_ARC = YES;
				CLANG_ENABLE_OBJC_WEAK = YES;
				CLANG_WARN_BLOCK_CAPTURE_AUTORELEASING = YES;
				CLANG_WARN_BOOL_CONVERSION = YES;
				CLANG_WARN_COMMA = YES;
				CLANG_WARN_CONSTANT_CONVERSION = YES;
				CLANG_WARN_DEPRECATED_OBJC_IMPLEMENTATIONS = YES;
				CLANG_WARN_DIRECT_OBJC_ISA_USAGE = YES_ERROR;
				CLANG_WARN_DOCUMENTATION_COMMENTS = YES;
				CLANG_WARN_EMPTY_BODY = YES;
				CLANG_WARN_ENUM_CONVERSION = YES;
				CLANG_WARN_INFINITE_RECURSION = YES;
				CLANG_WARN_INT_CONVERSION = YES;
				CLANG_WARN_NON_LITERAL_NULL_CONVERSION = YES;
				CLANG_WARN_OBJC_IMPLICIT_RETAIN_SELF = YES;
				CLANG_WARN_OBJC_LITERAL_CONVERSION = YES;
				CLANG_WARN_OBJC_ROOT_CLASS = YES_ERROR;
				CLANG_WARN_QUOTED_INCLUDE_IN_FRAMEWORK_HEADER = YES;
				CLANG_WARN_RANGE_LOOP_ANALYSIS = YES;
				CLANG_WARN_STRICT_PROTOTYPES = YES;
				CLANG_WARN_SUSPICIOUS_MOVE = YES;
				CLANG_WARN_UNGUARDED_AVAILABILITY = YES_AGGRESSIVE;
				CLANG_WARN_UNREACHABLE_CODE = YES;
				CLANG_WARN__DUPLICATE_METHOD_MATCH = YES;
				COPY_PHASE_STRIP = NO;
				DEBUG_INFORMATION_FORMAT = "dwarf-with-dsym";
				ENABLE_NS_ASSERTIONS = NO;
				ENABLE_STRICT_OBJC_MSGSEND = YES;
				GCC_C_LANGUAGE_STANDARD = gnu11;
				GCC_NO_COMMON_BLOCKS = YES;
				GCC_WARN_64_TO_32_BIT_CONVERSION = YES;
				GCC_WARN_ABOUT_RETURN_TYPE = YES_ERROR;
				GCC_WARN_UNDECLARED_SELECTOR = YES;
				GCC_WARN_UNINITIALIZED_AUTOS = YES_AGGRESSIVE;
				GCC_WARN_UNUSED_FUNCTION = YES;
				GCC_WARN_UNUSED_VARIABLE = YES;
				IPHONEOS_DEPLOYMENT_TARGET = 16.2;
				MTL_ENABLE_DEBUG_INFO = NO;
				MTL_FAST_MATH = YES;
				SDKROOT = iphoneos;
				SWIFT_COMPILATION_MODE = wholemodule;
				SWIFT_OPTIMIZATION_LEVEL = "-O";
				VALIDATE_PRODUCT = YES;
			};
			name = Release;
		};
		92987E3B29A671330099AD11 /* Debug */ = {
			isa = XCBuildConfiguration;
			buildSettings = {
				ASSETCATALOG_COMPILER_APPICON_NAME = AppIcon;
				ASSETCATALOG_COMPILER_GLOBAL_ACCENT_COLOR_NAME = AccentColor;
				CODE_SIGN_STYLE = Automatic;
				CURRENT_PROJECT_VERSION = 1;
				DEVELOPMENT_TEAM = N9SPXNXF4B;
				GENERATE_INFOPLIST_FILE = YES;
				INFOPLIST_FILE = EventsApp/Info.plist;
				INFOPLIST_KEY_UIApplicationSupportsIndirectInputEvents = YES;
				INFOPLIST_KEY_UILaunchStoryboardName = LaunchScreen;
				INFOPLIST_KEY_UIMainStoryboardFile = Main;
				INFOPLIST_KEY_UISupportedInterfaceOrientations_iPad = "UIInterfaceOrientationPortrait UIInterfaceOrientationPortraitUpsideDown UIInterfaceOrientationLandscapeLeft UIInterfaceOrientationLandscapeRight";
				INFOPLIST_KEY_UISupportedInterfaceOrientations_iPhone = "UIInterfaceOrientationPortrait UIInterfaceOrientationLandscapeLeft UIInterfaceOrientationLandscapeRight";
				LD_RUNPATH_SEARCH_PATHS = (
					"$(inherited)",
					"@executable_path/Frameworks",
				);
				MARKETING_VERSION = 1.0;
				PRODUCT_BUNDLE_IDENTIFIER = pl.wspaleniak.EventsApp;
				PRODUCT_NAME = "$(TARGET_NAME)";
				SUPPORTED_PLATFORMS = "iphoneos iphonesimulator";
				SUPPORTS_MACCATALYST = NO;
				SUPPORTS_MAC_DESIGNED_FOR_IPHONE_IPAD = NO;
				SWIFT_EMIT_LOC_STRINGS = YES;
				SWIFT_VERSION = 5.0;
				TARGETED_DEVICE_FAMILY = 1;
			};
			name = Debug;
		};
		92987E3C29A671330099AD11 /* Release */ = {
			isa = XCBuildConfiguration;
			buildSettings = {
				ASSETCATALOG_COMPILER_APPICON_NAME = AppIcon;
				ASSETCATALOG_COMPILER_GLOBAL_ACCENT_COLOR_NAME = AccentColor;
				CODE_SIGN_STYLE = Automatic;
				CURRENT_PROJECT_VERSION = 1;
				DEVELOPMENT_TEAM = N9SPXNXF4B;
				GENERATE_INFOPLIST_FILE = YES;
				INFOPLIST_FILE = EventsApp/Info.plist;
				INFOPLIST_KEY_UIApplicationSupportsIndirectInputEvents = YES;
				INFOPLIST_KEY_UILaunchStoryboardName = LaunchScreen;
				INFOPLIST_KEY_UIMainStoryboardFile = Main;
				INFOPLIST_KEY_UISupportedInterfaceOrientations_iPad = "UIInterfaceOrientationPortrait UIInterfaceOrientationPortraitUpsideDown UIInterfaceOrientationLandscapeLeft UIInterfaceOrientationLandscapeRight";
				INFOPLIST_KEY_UISupportedInterfaceOrientations_iPhone = "UIInterfaceOrientationPortrait UIInterfaceOrientationLandscapeLeft UIInterfaceOrientationLandscapeRight";
				LD_RUNPATH_SEARCH_PATHS = (
					"$(inherited)",
					"@executable_path/Frameworks",
				);
				MARKETING_VERSION = 1.0;
				PRODUCT_BUNDLE_IDENTIFIER = pl.wspaleniak.EventsApp;
				PRODUCT_NAME = "$(TARGET_NAME)";
				SUPPORTED_PLATFORMS = "iphoneos iphonesimulator";
				SUPPORTS_MACCATALYST = NO;
				SUPPORTS_MAC_DESIGNED_FOR_IPHONE_IPAD = NO;
				SWIFT_EMIT_LOC_STRINGS = YES;
				SWIFT_VERSION = 5.0;
				TARGETED_DEVICE_FAMILY = 1;
			};
			name = Release;
		};
/* End XCBuildConfiguration section */

/* Begin XCConfigurationList section */
		92987E2129A671310099AD11 /* Build configuration list for PBXProject "EventsApp" */ = {
			isa = XCConfigurationList;
			buildConfigurations = (
				92987E3829A671330099AD11 /* Debug */,
				92987E3929A671330099AD11 /* Release */,
			);
			defaultConfigurationIsVisible = 0;
			defaultConfigurationName = Release;
		};
		92987E3A29A671330099AD11 /* Build configuration list for PBXNativeTarget "EventsApp" */ = {
			isa = XCConfigurationList;
			buildConfigurations = (
				92987E3B29A671330099AD11 /* Debug */,
				92987E3C29A671330099AD11 /* Release */,
			);
			defaultConfigurationIsVisible = 0;
			defaultConfigurationName = Release;
		};
/* End XCConfigurationList section */

/* Begin XCVersionGroup section */
		923C60AE29A6994F009DFF47 /* EventsApp.xcdatamodeld */ = {
			isa = XCVersionGroup;
			children = (
				923C60AF29A6994F009DFF47 /* EventsApp.xcdatamodel */,
			);
			currentVersion = 923C60AF29A6994F009DFF47 /* EventsApp.xcdatamodel */;
			path = EventsApp.xcdatamodeld;
			sourceTree = "<group>";
			versionGroupType = wrapper.xcdatamodel;
		};
/* End XCVersionGroup section */
	};
	rootObject = 92987E1E29A671310099AD11 /* Project object */;
}
